
Microsoft Visual Studio Solution File, Format Version 12.00
# Visual Studio 15
VisualStudioVersion = 15.0.28307.1267
MinimumVisualStudioVersion = 10.0.40219.1
Project("{FAE04EC0-301F-11D3-BF4B-00C04F79EFBC}") = "RockScissorsPaper", "RockScissorsPaper\RockScissorsPaper.csproj", "{F7FA9E46-A021-46E6-8ACA-F9E97937CA91}"
EndProject
Global
	GlobalSection(SolutionConfigurationPlatforms) = preSolution
		Debug|Any CPU = Debug|Any CPU
		Release|Any CPU = Release|Any CPU
	EndGlobalSection
	GlobalSection(ProjectConfigurationPlatforms) = postSolution
		{F7FA9E46-A021-46E6-8ACA-F9E97937CA91}.Debug|Any CPU.ActiveCfg = Debug|Any CPU
		{F7FA9E46-A021-46E6-8ACA-F9E97937CA91}.Debug|Any CPU.Build.0 = Debug|Any CPU
		{F7FA9E46-A021-46E6-8ACA-F9E97937CA91}.Release|Any CPU.ActiveCfg = Release|Any CPU
		{F7FA9E46-A021-46E6-8ACA-F9E97937CA91}.Release|Any CPU.Build.0 = Release|Any CPU
	EndGlobalSection
	GlobalSection(SolutionProperties) = preSolution
		HideSolutionNode = FALSE
	EndGlobalSection
	GlobalSection(ExtensibilityGlobals) = postSolution
		SolutionGuid = {906159FD-AF52-4BF2-980B-29C45B424E2B}
	EndGlobalSection
EndGlobal
